// !$*UTF8*$!
{
	archiveVersion = 1;
	classes = {
	};
	objectVersion = 55;
	objects = {

/* Begin PBXBuildFile section */
		E49B04F2282860CE00531C89 /* AppDelegate.swift in Sources */ = {isa = PBXBuildFile; fileRef = E49B04F1282860CE00531C89 /* AppDelegate.swift */; };
		E49B04F4282860CE00531C89 /* SceneDelegate.swift in Sources */ = {isa = PBXBuildFile; fileRef = E49B04F3282860CE00531C89 /* SceneDelegate.swift */; };
		E49B04F6282860CE00531C89 /* ViewController.swift in Sources */ = {isa = PBXBuildFile; fileRef = E49B04F5282860CE00531C89 /* ViewController.swift */; };
		E49B04F9282860CE00531C89 /* Main.storyboard in Resources */ = {isa = PBXBuildFile; fileRef = E49B04F7282860CE00531C89 /* Main.storyboard */; };
		E49B04FB282860D200531C89 /* Assets.xcassets in Resources */ = {isa = PBXBuildFile; fileRef = E49B04FA282860D200531C89 /* Assets.xcassets */; };
		E49B04FE282860D200531C89 /* LaunchScreen.storyboard in Resources */ = {isa = PBXBuildFile; fileRef = E49B04FC282860D200531C89 /* LaunchScreen.storyboard */; };
		E49B050D2828742E00531C89 /* SongTableViewCell.swift in Sources */ = {isa = PBXBuildFile; fileRef = E49B050C2828742E00531C89 /* SongTableViewCell.swift */; };
		E49B050F282878FF00531C89 /* Song.swift in Sources */ = {isa = PBXBuildFile; fileRef = E49B050E282878FF00531C89 /* Song.swift */; };
		E49B051128287C9800531C89 /* PlayerViewController.swift in Sources */ = {isa = PBXBuildFile; fileRef = E49B051028287C9800531C89 /* PlayerViewController.swift */; };
		E49B051B282883CD00531C89 /* track2.mp3 in Resources */ = {isa = PBXBuildFile; fileRef = E49B0518282883CD00531C89 /* track2.mp3 */; };
		E49B051C282883CD00531C89 /* track3.mp3 in Resources */ = {isa = PBXBuildFile; fileRef = E49B0519282883CD00531C89 /* track3.mp3 */; };
		E49B051D282883CD00531C89 /* track1.mp3 in Resources */ = {isa = PBXBuildFile; fileRef = E49B051A282883CD00531C89 /* track1.mp3 */; };
/* End PBXBuildFile section */

/* Begin PBXFileReference section */
		E49B04EE282860CE00531C89 /* Music App.app */ = {isa = PBXFileReference; explicitFileType = wrapper.application; includeInIndex = 0; path = "Music App.app"; sourceTree = BUILT_PRODUCTS_DIR; };
		E49B04F1282860CE00531C89 /* AppDelegate.swift */ = {isa = PBXFileReference; lastKnownFileType = sourcecode.swift; path = AppDelegate.swift; sourceTree = "<group>"; };
		E49B04F3282860CE00531C89 /* SceneDelegate.swift */ = {isa = PBXFileReference; lastKnownFileType = sourcecode.swift; path = SceneDelegate.swift; sourceTree = "<group>"; };
		E49B04F5282860CE00531C89 /* ViewController.swift */ = {isa = PBXFileReference; lastKnownFileType = sourcecode.swift; path = ViewController.swift; sourceTree = "<group>"; };
		E49B04F8282860CE00531C89 /* Base */ = {isa = PBXFileReference; lastKnownFileType = file.storyboard; name = Base; path = Base.lproj/Main.storyboard; sourceTree = "<group>"; };
		E49B04FA282860D200531C89 /* Assets.xcassets */ = {isa = PBXFileReference; lastKnownFileType = folder.assetcatalog; path = Assets.xcassets; sourceTree = "<group>"; };
		E49B04FD282860D200531C89 /* Base */ = {isa = PBXFileReference; lastKnownFileType = file.storyboard; name = Base; path = Base.lproj/LaunchScreen.storyboard; sourceTree = "<group>"; };
		E49B04FF282860D200531C89 /* Info.plist */ = {isa = PBXFileReference; lastKnownFileType = text.plist.xml; path = Info.plist; sourceTree = "<group>"; };
		E49B050C2828742E00531C89 /* SongTableViewCell.swift */ = {isa = PBXFileReference; lastKnownFileType = sourcecode.swift; path = SongTableViewCell.swift; sourceTree = "<group>"; };
		E49B050E282878FF00531C89 /* Song.swift */ = {isa = PBXFileReference; lastKnownFileType = sourcecode.swift; path = Song.swift; sourceTree = "<group>"; };
		E49B051028287C9800531C89 /* PlayerViewController.swift */ = {isa = PBXFileReference; lastKnownFileType = sourcecode.swift; path = PlayerViewController.swift; sourceTree = "<group>"; };
		E49B0518282883CD00531C89 /* track2.mp3 */ = {isa = PBXFileReference; lastKnownFileType = audio.mp3; path = track2.mp3; sourceTree = "<group>"; };
		E49B0519282883CD00531C89 /* track3.mp3 */ = {isa = PBXFileReference; lastKnownFileType = audio.mp3; path = track3.mp3; sourceTree = "<group>"; };
		E49B051A282883CD00531C89 /* track1.mp3 */ = {isa = PBXFileReference; lastKnownFileType = audio.mp3; path = track1.mp3; sourceTree = "<group>"; };
/* End PBXFileReference section */

/* Begin PBXFrameworksBuildPhase section */
		E49B04EB282860CE00531C89 /* Frameworks */ = {
			isa = PBXFrameworksBuildPhase;
			buildActionMask = 2147483647;
			files = (
			);
			runOnlyForDeploymentPostprocessing = 0;
		};
/* End PBXFrameworksBuildPhase section */

/* Begin PBXGroup section */
		E47FB53A2829498400B5446A /* Storyboards */ = {
			isa = PBXGroup;
			children = (
				E49B04FC282860D200531C89 /* LaunchScreen.storyboard */,
				E49B04F7282860CE00531C89 /* Main.storyboard */,
			);
			path = Storyboards;
			sourceTree = "<group>";
		};
		E47FB53B2829499D00B5446A /* Utilities */ = {
			isa = PBXGroup;
			children = (
				E49B04F1282860CE00531C89 /* AppDelegate.swift */,
				E49B04F3282860CE00531C89 /* SceneDelegate.swift */,
			);
			path = Utilities;
			sourceTree = "<group>";
		};
		E47FB53C282949AF00B5446A /* Models */ = {
			isa = PBXGroup;
			children = (
				E49B050E282878FF00531C89 /* Song.swift */,
			);
			path = Models;
			sourceTree = "<group>";
		};
		E47FB53D282949D400B5446A /* Controllers */ = {
			isa = PBXGroup;
			children = (
				E49B04F5282860CE00531C89 /* ViewController.swift */,
				E49B051028287C9800531C89 /* PlayerViewController.swift */,
			);
			path = Controllers;
			sourceTree = "<group>";
		};
		E47FB53E282949EE00B5446A /* Views */ = {
			isa = PBXGroup;
			children = (
				E49B050C2828742E00531C89 /* SongTableViewCell.swift */,
			);
			path = Views;
			sourceTree = "<group>";
		};
		E47FB53F28294A0D00B5446A /* Resources */ = {
			isa = PBXGroup;
			children = (
				E47FB54028294A2200B5446A /* Songs */,
			);
			path = Resources;
			sourceTree = "<group>";
		};
		E47FB54028294A2200B5446A /* Songs */ = {
			isa = PBXGroup;
			children = (
				E49B051A282883CD00531C89 /* track1.mp3 */,
				E49B0518282883CD00531C89 /* track2.mp3 */,
				E49B0519282883CD00531C89 /* track3.mp3 */,
			);
			path = Songs;
			sourceTree = "<group>";
		};
		E49B04E5282860CE00531C89 = {
			isa = PBXGroup;
			children = (
				E49B04F0282860CE00531C89 /* Music App */,
				E49B04EF282860CE00531C89 /* Products */,
			);
			sourceTree = "<group>";
		};
		E49B04EF282860CE00531C89 /* Products */ = {
			isa = PBXGroup;
			children = (
				E49B04EE282860CE00531C89 /* Music App.app */,
			);
			name = Products;
			sourceTree = "<group>";
		};
		E49B04F0282860CE00531C89 /* Music App */ = {
			isa = PBXGroup;
			children = (
				E49B04FF282860D200531C89 /* Info.plist */,
				E49B04FA282860D200531C89 /* Assets.xcassets */,
				E47FB53F28294A0D00B5446A /* Resources */,
				E47FB53E282949EE00B5446A /* Views */,
				E47FB53D282949D400B5446A /* Controllers */,
				E47FB53C282949AF00B5446A /* Models */,
				E47FB53B2829499D00B5446A /* Utilities */,
				E47FB53A2829498400B5446A /* Storyboards */,
			);
			path = "Music App";
			sourceTree = "<group>";
		};
/* End PBXGroup section */

/* Begin PBXNativeTarget section */
		E49B04ED282860CE00531C89 /* Music App */ = {
			isa = PBXNativeTarget;
			buildConfigurationList = E49B0502282860D200531C89 /* Build configuration list for PBXNativeTarget "Music App" */;
			buildPhases = (
				E49B04EA282860CE00531C89 /* Sources */,
				E49B04EB282860CE00531C89 /* Frameworks */,
				E49B04EC282860CE00531C89 /* Resources */,
			);
			buildRules = (
			);
			dependencies = (
			);
			name = "Music App";
			productName = "Music App";
			productReference = E49B04EE282860CE00531C89 /* Music App.app */;
			productType = "com.apple.product-type.application";
		};
/* End PBXNativeTarget section */

/* Begin PBXProject section */
		E49B04E6282860CE00531C89 /* Project object */ = {
			isa = PBXProject;
			attributes = {
				BuildIndependentTargetsInParallel = 1;
				LastSwiftUpdateCheck = 1330;
				LastUpgradeCheck = 1330;
				TargetAttributes = {
					E49B04ED282860CE00531C89 = {
						CreatedOnToolsVersion = 13.3;
					};
				};
			};
			buildConfigurationList = E49B04E9282860CE00531C89 /* Build configuration list for PBXProject "Music App" */;
			compatibilityVersion = "Xcode 13.0";
			developmentRegion = en;
			hasScannedForEncodings = 0;
			knownRegions = (
				en,
				Base,
			);
			mainGroup = E49B04E5282860CE00531C89;
			productRefGroup = E49B04EF282860CE00531C89 /* Products */;
			projectDirPath = "";
			projectRoot = "";
			targets = (
				E49B04ED282860CE00531C89 /* Music App */,
			);
		};
/* End PBXProject section */

/* Begin PBXResourcesBuildPhase section */
		E49B04EC282860CE00531C89 /* Resources */ = {
			isa = PBXResourcesBuildPhase;
			buildActionMask = 2147483647;
			files = (
				E49B04FE282860D200531C89 /* LaunchScreen.storyboard in Resources */,
				E49B04FB282860D200531C89 /* Assets.xcassets in Resources */,
				E49B051D282883CD00531C89 /* track1.mp3 in Resources */,
				E49B051C282883CD00531C89 /* track3.mp3 in Resources */,
				E49B04F9282860CE00531C89 /* Main.storyboard in Resources */,
				E49B051B282883CD00531C89 /* track2.mp3 in Resources */,
			);
			runOnlyForDeploymentPostprocessing = 0;
		};
/* End PBXResourcesBuildPhase section */

/* Begin PBXSourcesBuildPhase section */
		E49B04EA282860CE00531C89 /* Sources */ = {
			isa = PBXSourcesBuildPhase;
			buildActionMask = 2147483647;
			files = (
				E49B050D2828742E00531C89 /* SongTableViewCell.swift in Sources */,
				E49B04F6282860CE00531C89 /* ViewController.swift in Sources */,
				E49B04F2282860CE00531C89 /* AppDelegate.swift in Sources */,
				E49B04F4282860CE00531C89 /* SceneDelegate.swift in Sources */,
				E49B050F282878FF00531C89 /* Song.swift in Sources */,
				E49B051128287C9800531C89 /* PlayerViewController.swift in Sources */,
			);
			runOnlyForDeploymentPostprocessing = 0;
		};
/* End PBXSourcesBuildPhase section */

/* Begin PBXVariantGroup section */
		E49B04F7282860CE00531C89 /* Main.storyboard */ = {
			isa = PBXVariantGroup;
			children = (
				E49B04F8282860CE00531C89 /* Base */,
			);
			name = Main.storyboard;
			sourceTree = "<group>";
		};
		E49B04FC282860D200531C89 /* LaunchScreen.storyboard */ = {
			isa = PBXVariantGroup;
			children = (
				E49B04FD282860D200531C89 /* Base */,
			);
			name = LaunchScreen.storyboard;
			sourceTree = "<group>";
		};
/* End PBXVariantGroup section */

/* Begin XCBuildConfiguration section */
		E49B0500282860D200531C89 /* Debug */ = {
			isa = XCBuildConfiguration;
			buildSettings = {
				ALWAYS_SEARCH_USER_PATHS = NO;
				CLANG_ANALYZER_NONNULL = YES;
				CLANG_ANALYZER_NUMBER_OBJECT_CONVERSION = YES_AGGRESSIVE;
				CLANG_CXX_LANGUAGE_STANDARD = "gnu++17";
				CLANG_ENABLE_MODULES = YES;
				CLANG_ENABLE_OBJC_ARC = YES;
				CLANG_ENABLE_OBJC_WEAK = YES;
				CLANG_WARN_BLOCK_CAPTURE_AUTORELEASING = YES;
				CLANG_WARN_BOOL_CONVERSION = YES;
				CLANG_WARN_COMMA = YES;
				CLANG_WARN_CONSTANT_CONVERSION = YES;
				CLANG_WARN_DEPRECATED_OBJC_IMPLEMENTATIONS = YES;
				CLANG_WARN_DIRECT_OBJC_ISA_USAGE = YES_ERROR;
				CLANG_WARN_DOCUMENTATION_COMMENTS = YES;
				CLANG_WARN_EMPTY_BODY = YES;
				CLANG_WARN_ENUM_CONVERSION = YES;
				CLANG_WARN_INFINITE_RECURSION = YES;
				CLANG_WARN_INT_CONVERSION = YES;
				CLANG_WARN_NON_LITERAL_NULL_CONVERSION = YES;
				CLANG_WARN_OBJC_IMPLICIT_RETAIN_SELF = YES;
				CLANG_WARN_OBJC_LITERAL_CONVERSION = YES;
				CLANG_WARN_OBJC_ROOT_CLASS = YES_ERROR;
				CLANG_WARN_QUOTED_INCLUDE_IN_FRAMEWORK_HEADER = YES;
				CLANG_WARN_RANGE_LOOP_ANALYSIS = YES;
				CLANG_WARN_STRICT_PROTOTYPES = YES;
				CLANG_WARN_SUSPICIOUS_MOVE = YES;
				CLANG_WARN_UNGUARDED_AVAILABILITY = YES_AGGRESSIVE;
				CLANG_WARN_UNREACHABLE_CODE = YES;
				CLANG_WARN__DUPLICATE_METHOD_MATCH = YES;
				COPY_PHASE_STRIP = NO;
				DEBUG_INFORMATION_FORMAT = dwarf;
				ENABLE_STRICT_OBJC_MSGSEND = YES;
				ENABLE_TESTABILITY = YES;
				GCC_C_LANGUAGE_STANDARD = gnu11;
				GCC_DYNAMIC_NO_PIC = NO;
				GCC_NO_COMMON_BLOCKS = YES;
				GCC_OPTIMIZATION_LEVEL = 0;
				GCC_PREPROCESSOR_DEFINITIONS = (
					"DEBUG=1",
					"$(inherited)",
				);
				GCC_WARN_64_TO_32_BIT_CONVERSION = YES;
				GCC_WARN_ABOUT_RETURN_TYPE = YES_ERROR;
				GCC_WARN_UNDECLARED_SELECTOR = YES;
				GCC_WARN_UNINITIALIZED_AUTOS = YES_AGGRESSIVE;
				GCC_WARN_UNUSED_FUNCTION = YES;
				GCC_WARN_UNUSED_VARIABLE = YES;
				IPHONEOS_DEPLOYMENT_TARGET = 15.4;
				MTL_ENABLE_DEBUG_INFO = INCLUDE_SOURCE;
				MTL_FAST_MATH = YES;
				ONLY_ACTIVE_ARCH = YES;
				SDKROOT = iphoneos;
				SWIFT_ACTIVE_COMPILATION_CONDITIONS = DEBUG;
				SWIFT_OPTIMIZATION_LEVEL = "-Onone";
			};
			name = Debug;
		};
		E49B0501282860D200531C89 /* Release */ = {
			isa = XCBuildConfiguration;
			buildSettings = {
				ALWAYS_SEARCH_USER_PATHS = NO;
				CLANG_ANALYZER_NONNULL = YES;
				CLANG_ANALYZER_NUMBER_OBJECT_CONVERSION = YES_AGGRESSIVE;
				CLANG_CXX_LANGUAGE_STANDARD = "gnu++17";
				CLANG_ENABLE_MODULES = YES;
				CLANG_ENABLE_OBJC_ARC = YES;
				CLANG_ENABLE_OBJC_WEAK = YES;
				CLANG_WARN_BLOCK_CAPTURE_AUTORELEASING = YES;
				CLANG_WARN_BOOL_CONVERSION = YES;
				CLANG_WARN_COMMA = YES;
				CLANG_WARN_CONSTANT_CONVERSION = YES;
				CLANG_WARN_DEPRECATED_OBJC_IMPLEMENTATIONS = YES;
				CLANG_WARN_DIRECT_OBJC_ISA_USAGE = YES_ERROR;
				CLANG_WARN_DOCUMENTATION_COMMENTS = YES;
				CLANG_WARN_EMPTY_BODY = YES;
				CLANG_WARN_ENUM_CONVERSION = YES;
				CLANG_WARN_INFINITE_RECURSION = YES;
				CLANG_WARN_INT_CONVERSION = YES;
				CLANG_WARN_NON_LITERAL_NULL_CONVERSION = YES;
				CLANG_WARN_OBJC_IMPLICIT_RETAIN_SELF = YES;
				CLANG_WARN_OBJC_LITERAL_CONVERSION = YES;
				CLANG_WARN_OBJC_ROOT_CLASS = YES_ERROR;
				CLANG_WARN_QUOTED_INCLUDE_IN_FRAMEWORK_HEADER = YES;
				CLANG_WARN_RANGE_LOOP_ANALYSIS = YES;
				CLANG_WARN_STRICT_PROTOTYPES = YES;
				CLANG_WARN_SUSPICIOUS_MOVE = YES;
				CLANG_WARN_UNGUARDED_AVAILABILITY = YES_AGGRESSIVE;
				CLANG_WARN_UNREACHABLE_CODE = YES;
				CLANG_WARN__DUPLICATE_METHOD_MATCH = YES;
				COPY_PHASE_STRIP = NO;
				DEBUG_INFORMATION_FORMAT = "dwarf-with-dsym";
				ENABLE_NS_ASSERTIONS = NO;
				ENABLE_STRICT_OBJC_MSGSEND = YES;
				GCC_C_LANGUAGE_STANDARD = gnu11;
				GCC_NO_COMMON_BLOCKS = YES;
				GCC_WARN_64_TO_32_BIT_CONVERSION = YES;
				GCC_WARN_ABOUT_RETURN_TYPE = YES_ERROR;
				GCC_WARN_UNDECLARED_SELECTOR = YES;
				GCC_WARN_UNINITIALIZED_AUTOS = YES_AGGRESSIVE;
				GCC_WARN_UNUSED_FUNCTION = YES;
				GCC_WARN_UNUSED_VARIABLE = YES;
				IPHONEOS_DEPLOYMENT_TARGET = 15.4;
				MTL_ENABLE_DEBUG_INFO = NO;
				MTL_FAST_MATH = YES;
				SDKROOT = iphoneos;
				SWIFT_COMPILATION_MODE = wholemodule;
				SWIFT_OPTIMIZATION_LEVEL = "-O";
				VALIDATE_PRODUCT = YES;
			};
			name = Release;
		};
		E49B0503282860D200531C89 /* Debug */ = {
			isa = XCBuildConfiguration;
			buildSettings = {
				ASSETCATALOG_COMPILER_APPICON_NAME = AppIcon;
				ASSETCATALOG_COMPILER_GLOBAL_ACCENT_COLOR_NAME = AccentColor;
				CODE_SIGN_STYLE = Automatic;
				CURRENT_PROJECT_VERSION = 1;
				GENERATE_INFOPLIST_FILE = YES;
				INFOPLIST_FILE = "Music App/Info.plist";
				INFOPLIST_KEY_UIApplicationSupportsIndirectInputEvents = YES;
				INFOPLIST_KEY_UILaunchStoryboardName = LaunchScreen;
				INFOPLIST_KEY_UIMainStoryboardFile = Main;
				INFOPLIST_KEY_UISupportedInterfaceOrientations_iPad = "UIInterfaceOrientationPortrait UIInterfaceOrientationPortraitUpsideDown UIInterfaceOrientationLandscapeLeft UIInterfaceOrientationLandscapeRight";
				INFOPLIST_KEY_UISupportedInterfaceOrientations_iPhone = "UIInterfaceOrientationPortrait UIInterfaceOrientationLandscapeLeft UIInterfaceOrientationLandscapeRight";
				LD_RUNPATH_SEARCH_PATHS = (
					"$(inherited)",
					"@executable_path/Frameworks",
				);
				MARKETING_VERSION = 1.0;
				PRODUCT_BUNDLE_IDENTIFIER = "com.ios.Music-App";
				PRODUCT_NAME = "$(TARGET_NAME)";
				SWIFT_EMIT_LOC_STRINGS = YES;
				SWIFT_VERSION = 5.0;
				TARGETED_DEVICE_FAMILY = 1;
			};
			name = Debug;
		};
		E49B0504282860D200531C89 /* Release */ = {
			isa = XCBuildConfiguration;
			buildSettings = {
				ASSETCATALOG_COMPILER_APPICON_NAME = AppIcon;
				ASSETCATALOG_COMPILER_GLOBAL_ACCENT_COLOR_NAME = AccentColor;
				CODE_SIGN_STYLE = Automatic;
				CURRENT_PROJECT_VERSION = 1;
				GENERATE_INFOPLIST_FILE = YES;
				INFOPLIST_FILE = "Music App/Info.plist";
				INFOPLIST_KEY_UIApplicationSupportsIndirectInputEvents = YES;
				INFOPLIST_KEY_UILaunchStoryboardName = LaunchScreen;
				INFOPLIST_KEY_UIMainStoryboardFile = Main;
				INFOPLIST_KEY_UISupportedInterfaceOrientations_iPad = "UIInterfaceOrientationPortrait UIInterfaceOrientationPortraitUpsideDown UIInterfaceOrientationLandscapeLeft UIInterfaceOrientationLandscapeRight";
				INFOPLIST_KEY_UISupportedInterfaceOrientations_iPhone = "UIInterfaceOrientationPortrait UIInterfaceOrientationLandscapeLeft UIInterfaceOrientationLandscapeRight";
				LD_RUNPATH_SEARCH_PATHS = (
					"$(inherited)",
					"@executable_path/Frameworks",
				);
				MARKETING_VERSION = 1.0;
				PRODUCT_BUNDLE_IDENTIFIER = "com.ios.Music-App";
				PRODUCT_NAME = "$(TARGET_NAME)";
				SWIFT_EMIT_LOC_STRINGS = YES;
				SWIFT_VERSION = 5.0;
				TARGETED_DEVICE_FAMILY = 1;
			};
			name = Release;
		};
/* End XCBuildConfiguration section */

/* Begin XCConfigurationList section */
		E49B04E9282860CE00531C89 /* Build configuration list for PBXProject "Music App" */ = {
			isa = XCConfigurationList;
			buildConfigurations = (
				E49B0500282860D200531C89 /* Debug */,
				E49B0501282860D200531C89 /* Release */,
			);
			defaultConfigurationIsVisible = 0;
			defaultConfigurationName = Release;
		};
		E49B0502282860D200531C89 /* Build configuration list for PBXNativeTarget "Music App" */ = {
			isa = XCConfigurationList;
			buildConfigurations = (
				E49B0503282860D200531C89 /* Debug */,
				E49B0504282860D200531C89 /* Release */,
			);
			defaultConfigurationIsVisible = 0;
			defaultConfigurationName = Release;
		};
/* End XCConfigurationList section */
	};
	rootObject = E49B04E6282860CE00531C89 /* Project object */;
}
