// !$*UTF8*$!
{
	archiveVersion = 1;
	classes = {
	};
	objectVersion = 55;
	objects = {

/* Begin PBXBuildFile section */
		E48E4350282594E500242111 /* .gitignore in Resources */ = {isa = PBXBuildFile; fileRef = E48E434F282594E400242111 /* .gitignore */; };
		E4B893282822EF8500EC2D56 /* AppDelegate.swift in Sources */ = {isa = PBXBuildFile; fileRef = E4B893272822EF8500EC2D56 /* AppDelegate.swift */; };
		E4B8932A2822EF8500EC2D56 /* SceneDelegate.swift in Sources */ = {isa = PBXBuildFile; fileRef = E4B893292822EF8500EC2D56 /* SceneDelegate.swift */; };
		E4B8932F2822EF8500EC2D56 /* Main.storyboard in Resources */ = {isa = PBXBuildFile; fileRef = E4B8932D2822EF8500EC2D56 /* Main.storyboard */; };
		E4B893312822EF8700EC2D56 /* Assets.xcassets in Resources */ = {isa = PBXBuildFile; fileRef = E4B893302822EF8700EC2D56 /* Assets.xcassets */; };
		E4B893342822EF8700EC2D56 /* LaunchScreen.storyboard in Resources */ = {isa = PBXBuildFile; fileRef = E4B893322822EF8700EC2D56 /* LaunchScreen.storyboard */; };
		E4B8933C2822F06200EC2D56 /* NotesTableViewController.swift in Sources */ = {isa = PBXBuildFile; fileRef = E4B8933B2822F06200EC2D56 /* NotesTableViewController.swift */; };
		E4B8933E2822F09700EC2D56 /* Note.swift in Sources */ = {isa = PBXBuildFile; fileRef = E4B8933D2822F09700EC2D56 /* Note.swift */; };
		E4B893402822F27B00EC2D56 /* NoteTableViewCell.swift in Sources */ = {isa = PBXBuildFile; fileRef = E4B8933F2822F27B00EC2D56 /* NoteTableViewCell.swift */; };
		E4B8934228233B0200EC2D56 /* AddNewNoteViewController.swift in Sources */ = {isa = PBXBuildFile; fileRef = E4B8934128233B0200EC2D56 /* AddNewNoteViewController.swift */; };
/* End PBXBuildFile section */

/* Begin PBXFileReference section */
		E48E434F282594E400242111 /* .gitignore */ = {isa = PBXFileReference; lastKnownFileType = text; path = .gitignore; sourceTree = "<group>"; };
		E4B893242822EF8500EC2D56 /* Notes App.app */ = {isa = PBXFileReference; explicitFileType = wrapper.application; includeInIndex = 0; path = "Notes App.app"; sourceTree = BUILT_PRODUCTS_DIR; };
		E4B893272822EF8500EC2D56 /* AppDelegate.swift */ = {isa = PBXFileReference; lastKnownFileType = sourcecode.swift; path = AppDelegate.swift; sourceTree = "<group>"; };
		E4B893292822EF8500EC2D56 /* SceneDelegate.swift */ = {isa = PBXFileReference; lastKnownFileType = sourcecode.swift; path = SceneDelegate.swift; sourceTree = "<group>"; };
		E4B8932E2822EF8500EC2D56 /* Base */ = {isa = PBXFileReference; lastKnownFileType = file.storyboard; name = Base; path = Base.lproj/Main.storyboard; sourceTree = "<group>"; };
		E4B893302822EF8700EC2D56 /* Assets.xcassets */ = {isa = PBXFileReference; lastKnownFileType = folder.assetcatalog; path = Assets.xcassets; sourceTree = "<group>"; };
		E4B893332822EF8700EC2D56 /* Base */ = {isa = PBXFileReference; lastKnownFileType = file.storyboard; name = Base; path = Base.lproj/LaunchScreen.storyboard; sourceTree = "<group>"; };
		E4B893352822EF8700EC2D56 /* Info.plist */ = {isa = PBXFileReference; lastKnownFileType = text.plist.xml; path = Info.plist; sourceTree = "<group>"; };
		E4B8933B2822F06200EC2D56 /* NotesTableViewController.swift */ = {isa = PBXFileReference; lastKnownFileType = sourcecode.swift; path = NotesTableViewController.swift; sourceTree = "<group>"; };
		E4B8933D2822F09700EC2D56 /* Note.swift */ = {isa = PBXFileReference; lastKnownFileType = sourcecode.swift; path = Note.swift; sourceTree = "<group>"; };
		E4B8933F2822F27B00EC2D56 /* NoteTableViewCell.swift */ = {isa = PBXFileReference; lastKnownFileType = sourcecode.swift; path = NoteTableViewCell.swift; sourceTree = "<group>"; };
		E4B8934128233B0200EC2D56 /* AddNewNoteViewController.swift */ = {isa = PBXFileReference; lastKnownFileType = sourcecode.swift; path = AddNewNoteViewController.swift; sourceTree = "<group>"; };
/* End PBXFileReference section */

/* Begin PBXFrameworksBuildPhase section */
		E4B893212822EF8500EC2D56 /* Frameworks */ = {
			isa = PBXFrameworksBuildPhase;
			buildActionMask = 2147483647;
			files = (
			);
			runOnlyForDeploymentPostprocessing = 0;
		};
/* End PBXFrameworksBuildPhase section */

/* Begin PBXGroup section */
		E4B8931B2822EF8500EC2D56 = {
			isa = PBXGroup;
			children = (
				E4B893262822EF8500EC2D56 /* Notes App */,
				E4B893252822EF8500EC2D56 /* Products */,
			);
			sourceTree = "<group>";
		};
		E4B893252822EF8500EC2D56 /* Products */ = {
			isa = PBXGroup;
			children = (
				E4B893242822EF8500EC2D56 /* Notes App.app */,
			);
			name = Products;
			sourceTree = "<group>";
		};
		E4B893262822EF8500EC2D56 /* Notes App */ = {
			isa = PBXGroup;
			children = (
				E4B893272822EF8500EC2D56 /* AppDelegate.swift */,
				E4B893292822EF8500EC2D56 /* SceneDelegate.swift */,
				E4B8932D2822EF8500EC2D56 /* Main.storyboard */,
				E48E434F282594E400242111 /* .gitignore */,
				E4B8933F2822F27B00EC2D56 /* NoteTableViewCell.swift */,
				E4B8933B2822F06200EC2D56 /* NotesTableViewController.swift */,
				E4B8934128233B0200EC2D56 /* AddNewNoteViewController.swift */,
				E4B8933D2822F09700EC2D56 /* Note.swift */,
				E4B893302822EF8700EC2D56 /* Assets.xcassets */,
				E4B893322822EF8700EC2D56 /* LaunchScreen.storyboard */,
				E4B893352822EF8700EC2D56 /* Info.plist */,
			);
			path = "Notes App";
			sourceTree = "<group>";
		};
/* End PBXGroup section */

/* Begin PBXNativeTarget section */
		E4B893232822EF8500EC2D56 /* Notes App */ = {
			isa = PBXNativeTarget;
			buildConfigurationList = E4B893382822EF8700EC2D56 /* Build configuration list for PBXNativeTarget "Notes App" */;
			buildPhases = (
				E4B893202822EF8500EC2D56 /* Sources */,
				E4B893212822EF8500EC2D56 /* Frameworks */,
				E4B893222822EF8500EC2D56 /* Resources */,
			);
			buildRules = (
			);
			dependencies = (
			);
			name = "Notes App";
			productName = "Notes App";
			productReference = E4B893242822EF8500EC2D56 /* Notes App.app */;
			productType = "com.apple.product-type.application";
		};
/* End PBXNativeTarget section */

/* Begin PBXProject section */
		E4B8931C2822EF8500EC2D56 /* Project object */ = {
			isa = PBXProject;
			attributes = {
				BuildIndependentTargetsInParallel = 1;
				LastSwiftUpdateCheck = 1330;
				LastUpgradeCheck = 1330;
				TargetAttributes = {
					E4B893232822EF8500EC2D56 = {
						CreatedOnToolsVersion = 13.3;
					};
				};
			};
			buildConfigurationList = E4B8931F2822EF8500EC2D56 /* Build configuration list for PBXProject "Notes App" */;
			compatibilityVersion = "Xcode 13.0";
			developmentRegion = en;
			hasScannedForEncodings = 0;
			knownRegions = (
				en,
				Base,
			);
			mainGroup = E4B8931B2822EF8500EC2D56;
			productRefGroup = E4B893252822EF8500EC2D56 /* Products */;
			projectDirPath = "";
			projectRoot = "";
			targets = (
				E4B893232822EF8500EC2D56 /* Notes App */,
			);
		};
/* End PBXProject section */

/* Begin PBXResourcesBuildPhase section */
		E4B893222822EF8500EC2D56 /* Resources */ = {
			isa = PBXResourcesBuildPhase;
			buildActionMask = 2147483647;
			files = (
				E48E4350282594E500242111 /* .gitignore in Resources */,
				E4B893342822EF8700EC2D56 /* LaunchScreen.storyboard in Resources */,
				E4B893312822EF8700EC2D56 /* Assets.xcassets in Resources */,
				E4B8932F2822EF8500EC2D56 /* Main.storyboard in Resources */,
			);
			runOnlyForDeploymentPostprocessing = 0;
		};
/* End PBXResourcesBuildPhase section */

/* Begin PBXSourcesBuildPhase section */
		E4B893202822EF8500EC2D56 /* Sources */ = {
			isa = PBXSourcesBuildPhase;
			buildActionMask = 2147483647;
			files = (
				E4B8933E2822F09700EC2D56 /* Note.swift in Sources */,
				E4B8933C2822F06200EC2D56 /* NotesTableViewController.swift in Sources */,
				E4B893282822EF8500EC2D56 /* AppDelegate.swift in Sources */,
				E4B8934228233B0200EC2D56 /* AddNewNoteViewController.swift in Sources */,
				E4B8932A2822EF8500EC2D56 /* SceneDelegate.swift in Sources */,
				E4B893402822F27B00EC2D56 /* NoteTableViewCell.swift in Sources */,
			);
			runOnlyForDeploymentPostprocessing = 0;
		};
/* End PBXSourcesBuildPhase section */

/* Begin PBXVariantGroup section */
		E4B8932D2822EF8500EC2D56 /* Main.storyboard */ = {
			isa = PBXVariantGroup;
			children = (
				E4B8932E2822EF8500EC2D56 /* Base */,
			);
			name = Main.storyboard;
			sourceTree = "<group>";
		};
		E4B893322822EF8700EC2D56 /* LaunchScreen.storyboard */ = {
			isa = PBXVariantGroup;
			children = (
				E4B893332822EF8700EC2D56 /* Base */,
			);
			name = LaunchScreen.storyboard;
			sourceTree = "<group>";
		};
/* End PBXVariantGroup section */

/* Begin XCBuildConfiguration section */
		E4B893362822EF8700EC2D56 /* Debug */ = {
			isa = XCBuildConfiguration;
			buildSettings = {
				ALWAYS_SEARCH_USER_PATHS = NO;
				CLANG_ANALYZER_NONNULL = YES;
				CLANG_ANALYZER_NUMBER_OBJECT_CONVERSION = YES_AGGRESSIVE;
				CLANG_CXX_LANGUAGE_STANDARD = "gnu++17";
				CLANG_ENABLE_MODULES = YES;
				CLANG_ENABLE_OBJC_ARC = YES;
				CLANG_ENABLE_OBJC_WEAK = YES;
				CLANG_WARN_BLOCK_CAPTURE_AUTORELEASING = YES;
				CLANG_WARN_BOOL_CONVERSION = YES;
				CLANG_WARN_COMMA = YES;
				CLANG_WARN_CONSTANT_CONVERSION = YES;
				CLANG_WARN_DEPRECATED_OBJC_IMPLEMENTATIONS = YES;
				CLANG_WARN_DIRECT_OBJC_ISA_USAGE = YES_ERROR;
				CLANG_WARN_DOCUMENTATION_COMMENTS = YES;
				CLANG_WARN_EMPTY_BODY = YES;
				CLANG_WARN_ENUM_CONVERSION = YES;
				CLANG_WARN_INFINITE_RECURSION = YES;
				CLANG_WARN_INT_CONVERSION = YES;
				CLANG_WARN_NON_LITERAL_NULL_CONVERSION = YES;
				CLANG_WARN_OBJC_IMPLICIT_RETAIN_SELF = YES;
				CLANG_WARN_OBJC_LITERAL_CONVERSION = YES;
				CLANG_WARN_OBJC_ROOT_CLASS = YES_ERROR;
				CLANG_WARN_QUOTED_INCLUDE_IN_FRAMEWORK_HEADER = YES;
				CLANG_WARN_RANGE_LOOP_ANALYSIS = YES;
				CLANG_WARN_STRICT_PROTOTYPES = YES;
				CLANG_WARN_SUSPICIOUS_MOVE = YES;
				CLANG_WARN_UNGUARDED_AVAILABILITY = YES_AGGRESSIVE;
				CLANG_WARN_UNREACHABLE_CODE = YES;
				CLANG_WARN__DUPLICATE_METHOD_MATCH = YES;
				COPY_PHASE_STRIP = NO;
				DEBUG_INFORMATION_FORMAT = dwarf;
				ENABLE_STRICT_OBJC_MSGSEND = YES;
				ENABLE_TESTABILITY = YES;
				GCC_C_LANGUAGE_STANDARD = gnu11;
				GCC_DYNAMIC_NO_PIC = NO;
				GCC_NO_COMMON_BLOCKS = YES;
				GCC_OPTIMIZATION_LEVEL = 0;
				GCC_PREPROCESSOR_DEFINITIONS = (
					"DEBUG=1",
					"$(inherited)",
				);
				GCC_WARN_64_TO_32_BIT_CONVERSION = YES;
				GCC_WARN_ABOUT_RETURN_TYPE = YES_ERROR;
				GCC_WARN_UNDECLARED_SELECTOR = YES;
				GCC_WARN_UNINITIALIZED_AUTOS = YES_AGGRESSIVE;
				GCC_WARN_UNUSED_FUNCTION = YES;
				GCC_WARN_UNUSED_VARIABLE = YES;
				IPHONEOS_DEPLOYMENT_TARGET = 15.4;
				MTL_ENABLE_DEBUG_INFO = INCLUDE_SOURCE;
				MTL_FAST_MATH = YES;
				ONLY_ACTIVE_ARCH = YES;
				SDKROOT = iphoneos;
				SWIFT_ACTIVE_COMPILATION_CONDITIONS = DEBUG;
				SWIFT_OPTIMIZATION_LEVEL = "-Onone";
			};
			name = Debug;
		};
		E4B893372822EF8700EC2D56 /* Release */ = {
			isa = XCBuildConfiguration;
			buildSettings = {
				ALWAYS_SEARCH_USER_PATHS = NO;
				CLANG_ANALYZER_NONNULL = YES;
				CLANG_ANALYZER_NUMBER_OBJECT_CONVERSION = YES_AGGRESSIVE;
				CLANG_CXX_LANGUAGE_STANDARD = "gnu++17";
				CLANG_ENABLE_MODULES = YES;
				CLANG_ENABLE_OBJC_ARC = YES;
				CLANG_ENABLE_OBJC_WEAK = YES;
				CLANG_WARN_BLOCK_CAPTURE_AUTORELEASING = YES;
				CLANG_WARN_BOOL_CONVERSION = YES;
				CLANG_WARN_COMMA = YES;
				CLANG_WARN_CONSTANT_CONVERSION = YES;
				CLANG_WARN_DEPRECATED_OBJC_IMPLEMENTATIONS = YES;
				CLANG_WARN_DIRECT_OBJC_ISA_USAGE = YES_ERROR;
				CLANG_WARN_DOCUMENTATION_COMMENTS = YES;
				CLANG_WARN_EMPTY_BODY = YES;
				CLANG_WARN_ENUM_CONVERSION = YES;
				CLANG_WARN_INFINITE_RECURSION = YES;
				CLANG_WARN_INT_CONVERSION = YES;
				CLANG_WARN_NON_LITERAL_NULL_CONVERSION = YES;
				CLANG_WARN_OBJC_IMPLICIT_RETAIN_SELF = YES;
				CLANG_WARN_OBJC_LITERAL_CONVERSION = YES;
				CLANG_WARN_OBJC_ROOT_CLASS = YES_ERROR;
				CLANG_WARN_QUOTED_INCLUDE_IN_FRAMEWORK_HEADER = YES;
				CLANG_WARN_RANGE_LOOP_ANALYSIS = YES;
				CLANG_WARN_STRICT_PROTOTYPES = YES;
				CLANG_WARN_SUSPICIOUS_MOVE = YES;
				CLANG_WARN_UNGUARDED_AVAILABILITY = YES_AGGRESSIVE;
				CLANG_WARN_UNREACHABLE_CODE = YES;
				CLANG_WARN__DUPLICATE_METHOD_MATCH = YES;
				COPY_PHASE_STRIP = NO;
				DEBUG_INFORMATION_FORMAT = "dwarf-with-dsym";
				ENABLE_NS_ASSERTIONS = NO;
				ENABLE_STRICT_OBJC_MSGSEND = YES;
				GCC_C_LANGUAGE_STANDARD = gnu11;
				GCC_NO_COMMON_BLOCKS = YES;
				GCC_WARN_64_TO_32_BIT_CONVERSION = YES;
				GCC_WARN_ABOUT_RETURN_TYPE = YES_ERROR;
				GCC_WARN_UNDECLARED_SELECTOR = YES;
				GCC_WARN_UNINITIALIZED_AUTOS = YES_AGGRESSIVE;
				GCC_WARN_UNUSED_FUNCTION = YES;
				GCC_WARN_UNUSED_VARIABLE = YES;
				IPHONEOS_DEPLOYMENT_TARGET = 15.4;
				MTL_ENABLE_DEBUG_INFO = NO;
				MTL_FAST_MATH = YES;
				SDKROOT = iphoneos;
				SWIFT_COMPILATION_MODE = wholemodule;
				SWIFT_OPTIMIZATION_LEVEL = "-O";
				VALIDATE_PRODUCT = YES;
			};
			name = Release;
		};
		E4B893392822EF8700EC2D56 /* Debug */ = {
			isa = XCBuildConfiguration;
			buildSettings = {
				ASSETCATALOG_COMPILER_APPICON_NAME = AppIcon;
				ASSETCATALOG_COMPILER_GLOBAL_ACCENT_COLOR_NAME = AccentColor;
				CODE_SIGN_STYLE = Automatic;
				CURRENT_PROJECT_VERSION = 1;
				GENERATE_INFOPLIST_FILE = YES;
				INFOPLIST_FILE = "Notes App/Info.plist";
				INFOPLIST_KEY_UIApplicationSupportsIndirectInputEvents = YES;
				INFOPLIST_KEY_UILaunchStoryboardName = LaunchScreen;
				INFOPLIST_KEY_UIMainStoryboardFile = Main;
				INFOPLIST_KEY_UISupportedInterfaceOrientations_iPad = "UIInterfaceOrientationPortrait UIInterfaceOrientationPortraitUpsideDown UIInterfaceOrientationLandscapeLeft UIInterfaceOrientationLandscapeRight";
				INFOPLIST_KEY_UISupportedInterfaceOrientations_iPhone = "UIInterfaceOrientationPortrait UIInterfaceOrientationLandscapeLeft UIInterfaceOrientationLandscapeRight";
				LD_RUNPATH_SEARCH_PATHS = (
					"$(inherited)",
					"@executable_path/Frameworks",
				);
				MARKETING_VERSION = 1.0;
				PRODUCT_BUNDLE_IDENTIFIER = "com.ios.Notes-App";
				PRODUCT_NAME = "$(TARGET_NAME)";
				SWIFT_EMIT_LOC_STRINGS = YES;
				SWIFT_VERSION = 5.0;
				TARGETED_DEVICE_FAMILY = 1;
			};
			name = Debug;
		};
		E4B8933A2822EF8700EC2D56 /* Release */ = {
			isa = XCBuildConfiguration;
			buildSettings = {
				ASSETCATALOG_COMPILER_APPICON_NAME = AppIcon;
				ASSETCATALOG_COMPILER_GLOBAL_ACCENT_COLOR_NAME = AccentColor;
				CODE_SIGN_STYLE = Automatic;
				CURRENT_PROJECT_VERSION = 1;
				GENERATE_INFOPLIST_FILE = YES;
				INFOPLIST_FILE = "Notes App/Info.plist";
				INFOPLIST_KEY_UIApplicationSupportsIndirectInputEvents = YES;
				INFOPLIST_KEY_UILaunchStoryboardName = LaunchScreen;
				INFOPLIST_KEY_UIMainStoryboardFile = Main;
				INFOPLIST_KEY_UISupportedInterfaceOrientations_iPad = "UIInterfaceOrientationPortrait UIInterfaceOrientationPortraitUpsideDown UIInterfaceOrientationLandscapeLeft UIInterfaceOrientationLandscapeRight";
				INFOPLIST_KEY_UISupportedInterfaceOrientations_iPhone = "UIInterfaceOrientationPortrait UIInterfaceOrientationLandscapeLeft UIInterfaceOrientationLandscapeRight";
				LD_RUNPATH_SEARCH_PATHS = (
					"$(inherited)",
					"@executable_path/Frameworks",
				);
				MARKETING_VERSION = 1.0;
				PRODUCT_BUNDLE_IDENTIFIER = "com.ios.Notes-App";
				PRODUCT_NAME = "$(TARGET_NAME)";
				SWIFT_EMIT_LOC_STRINGS = YES;
				SWIFT_VERSION = 5.0;
				TARGETED_DEVICE_FAMILY = 1;
			};
			name = Release;
		};
/* End XCBuildConfiguration section */

/* Begin XCConfigurationList section */
		E4B8931F2822EF8500EC2D56 /* Build configuration list for PBXProject "Notes App" */ = {
			isa = XCConfigurationList;
			buildConfigurations = (
				E4B893362822EF8700EC2D56 /* Debug */,
				E4B893372822EF8700EC2D56 /* Release */,
			);
			defaultConfigurationIsVisible = 0;
			defaultConfigurationName = Release;
		};
		E4B893382822EF8700EC2D56 /* Build configuration list for PBXNativeTarget "Notes App" */ = {
			isa = XCConfigurationList;
			buildConfigurations = (
				E4B893392822EF8700EC2D56 /* Debug */,
				E4B8933A2822EF8700EC2D56 /* Release */,
			);
			defaultConfigurationIsVisible = 0;
			defaultConfigurationName = Release;
		};
/* End XCConfigurationList section */
	};
	rootObject = E4B8931C2822EF8500EC2D56 /* Project object */;
}
